
Microsoft Visual Studio Solution File, Format Version 12.00
# Visual Studio Version 16
VisualStudioVersion = 16.0.29009.5
MinimumVisualStudioVersion = 10.0.40219.1
Project("{FAE04EC0-301F-11D3-BF4B-00C04F79EFBC}") = "SomosTovee", "SomosTovee.csproj", "{69FF0B82-4268-4954-AF1D-DA99E8069C2C}"
EndProject
Global
	GlobalSection(SolutionConfigurationPlatforms) = preSolution
		Debug|Any CPU = Debug|Any CPU
		Release|Any CPU = Release|Any CPU
	EndGlobalSection
	GlobalSection(ProjectConfigurationPlatforms) = postSolution
		{69FF0B82-4268-4954-AF1D-DA99E8069C2C}.Debug|Any CPU.ActiveCfg = Debug|Any CPU
		{69FF0B82-4268-4954-AF1D-DA99E8069C2C}.Debug|Any CPU.Build.0 = Debug|Any CPU
		{69FF0B82-4268-4954-AF1D-DA99E8069C2C}.Release|Any CPU.ActiveCfg = Release|Any CPU
		{69FF0B82-4268-4954-AF1D-DA99E8069C2C}.Release|Any CPU.Build.0 = Release|Any CPU
	EndGlobalSection
	GlobalSection(SolutionProperties) = preSolution
		HideSolutionNode = FALSE
	EndGlobalSection
	GlobalSection(ExtensibilityGlobals) = postSolution
		SolutionGuid = {E1B217A5-3E0F-42C1-A0DD-E5114733FF1D}
	EndGlobalSection
EndGlobal
